
Microsoft Visual Studio Solution File, Format Version 12.00
# Visual Studio Version 17
VisualStudioVersion = 17.5.002.0
MinimumVisualStudioVersion = 10.0.40219.1
Project("{9A19103F-16F7-4668-BE54-9A1E7A4F7556}") = "S-kning", "S-kning.csproj", "{72D3D6B4-9C47-4EF9-931D-A164BCF85781}"
EndProject
Global
	GlobalSection(SolutionConfigurationPlatforms) = preSolution
		Debug|Any CPU = Debug|Any CPU
		Release|Any CPU = Release|Any CPU
	EndGlobalSection
	GlobalSection(ProjectConfigurationPlatforms) = postSolution
		{72D3D6B4-9C47-4EF9-931D-A164BCF85781}.Debug|Any CPU.ActiveCfg = Debug|Any CPU
		{72D3D6B4-9C47-4EF9-931D-A164BCF85781}.Debug|Any CPU.Build.0 = Debug|Any CPU
		{72D3D6B4-9C47-4EF9-931D-A164BCF85781}.Release|Any CPU.ActiveCfg = Release|Any CPU
		{72D3D6B4-9C47-4EF9-931D-A164BCF85781}.Release|Any CPU.Build.0 = Release|Any CPU
	EndGlobalSection
	GlobalSection(SolutionProperties) = preSolution
		HideSolutionNode = FALSE
	EndGlobalSection
	GlobalSection(ExtensibilityGlobals) = postSolution
		SolutionGuid = {F39ACFD3-E85F-470B-AF1B-74794018F2D1}
	EndGlobalSection
EndGlobal
